
Microsoft Visual Studio Solution File, Format Version 12.00
# Visual Studio Version 16
VisualStudioVersion = 16.0.30413.136
MinimumVisualStudioVersion = 10.0.40219.1
Project("{FAE04EC0-301F-11D3-BF4B-00C04F79EFBC}") = "Ovning3Inkapsulering", "Ovning3Inkapsulering\Ovning3Inkapsulering.csproj", "{057E2B1E-1574-4F95-85E0-A13D98031366}"
EndProject
Global
	GlobalSection(SolutionConfigurationPlatforms) = preSolution
		Debug|Any CPU = Debug|Any CPU
		Release|Any CPU = Release|Any CPU
	EndGlobalSection
	GlobalSection(ProjectConfigurationPlatforms) = postSolution
		{057E2B1E-1574-4F95-85E0-A13D98031366}.Debug|Any CPU.ActiveCfg = Debug|Any CPU
		{057E2B1E-1574-4F95-85E0-A13D98031366}.Debug|Any CPU.Build.0 = Debug|Any CPU
		{057E2B1E-1574-4F95-85E0-A13D98031366}.Release|Any CPU.ActiveCfg = Release|Any CPU
		{057E2B1E-1574-4F95-85E0-A13D98031366}.Release|Any CPU.Build.0 = Release|Any CPU
	EndGlobalSection
	GlobalSection(SolutionProperties) = preSolution
		HideSolutionNode = FALSE
	EndGlobalSection
	GlobalSection(ExtensibilityGlobals) = postSolution
		SolutionGuid = {AD22883A-DA68-4795-B727-CCE5455FEA68}
	EndGlobalSection
EndGlobal
